// !$*UTF8*$!
{
	archiveVersion = 1;
	classes = {
	};
	objectVersion = 46;
	objects = {

/* Begin PBXBuildFile section */
		9CD6CCA91F6B865800932E38 /* AppDelegate.swift in Sources */ = {isa = PBXBuildFile; fileRef = 9CD6CCA81F6B865800932E38 /* AppDelegate.swift */; };
		9CD6CCAB1F6B865800932E38 /* ViewController.swift in Sources */ = {isa = PBXBuildFile; fileRef = 9CD6CCAA1F6B865800932E38 /* ViewController.swift */; };
		9CD6CCAE1F6B865800932E38 /* Main.storyboard in Resources */ = {isa = PBXBuildFile; fileRef = 9CD6CCAC1F6B865800932E38 /* Main.storyboard */; };
		9CD6CCB01F6B865800932E38 /* Assets.xcassets in Resources */ = {isa = PBXBuildFile; fileRef = 9CD6CCAF1F6B865800932E38 /* Assets.xcassets */; };
		9CD6CCB31F6B865800932E38 /* LaunchScreen.storyboard in Resources */ = {isa = PBXBuildFile; fileRef = 9CD6CCB11F6B865800932E38 /* LaunchScreen.storyboard */; };
		9CD6CCBE1F6B865800932E38 /* GroupifyTests.swift in Sources */ = {isa = PBXBuildFile; fileRef = 9CD6CCBD1F6B865800932E38 /* GroupifyTests.swift */; };
		9CD6CCC91F6B865800932E38 /* GroupifyUITests.swift in Sources */ = {isa = PBXBuildFile; fileRef = 9CD6CCC81F6B865800932E38 /* GroupifyUITests.swift */; };
/* End PBXBuildFile section */

/* Begin PBXContainerItemProxy section */
		9CD6CCBA1F6B865800932E38 /* PBXContainerItemProxy */ = {
			isa = PBXContainerItemProxy;
			containerPortal = 9CD6CC9D1F6B865800932E38 /* Project object */;
			proxyType = 1;
			remoteGlobalIDString = 9CD6CCA41F6B865800932E38;
			remoteInfo = Groupify;
		};
		9CD6CCC51F6B865800932E38 /* PBXContainerItemProxy */ = {
			isa = PBXContainerItemProxy;
			containerPortal = 9CD6CC9D1F6B865800932E38 /* Project object */;
			proxyType = 1;
			remoteGlobalIDString = 9CD6CCA41F6B865800932E38;
			remoteInfo = Groupify;
		};
/* End PBXContainerItemProxy section */

/* Begin PBXFileReference section */
		9CD6CCA51F6B865800932E38 /* Groupify.app */ = {isa = PBXFileReference; explicitFileType = wrapper.application; includeInIndex = 0; path = Groupify.app; sourceTree = BUILT_PRODUCTS_DIR; };
		9CD6CCA81F6B865800932E38 /* AppDelegate.swift */ = {isa = PBXFileReference; lastKnownFileType = sourcecode.swift; path = AppDelegate.swift; sourceTree = "<group>"; };
		9CD6CCAA1F6B865800932E38 /* ViewController.swift */ = {isa = PBXFileReference; lastKnownFileType = sourcecode.swift; path = ViewController.swift; sourceTree = "<group>"; };
		9CD6CCAD1F6B865800932E38 /* Base */ = {isa = PBXFileReference; lastKnownFileType = file.storyboard; name = Base; path = Base.lproj/Main.storyboard; sourceTree = "<group>"; };
		9CD6CCAF1F6B865800932E38 /* Assets.xcassets */ = {isa = PBXFileReference; lastKnownFileType = folder.assetcatalog; path = Assets.xcassets; sourceTree = "<group>"; };
		9CD6CCB21F6B865800932E38 /* Base */ = {isa = PBXFileReference; lastKnownFileType = file.storyboard; name = Base; path = Base.lproj/LaunchScreen.storyboard; sourceTree = "<group>"; };
		9CD6CCB41F6B865800932E38 /* Info.plist */ = {isa = PBXFileReference; lastKnownFileType = text.plist.xml; path = Info.plist; sourceTree = "<group>"; };
		9CD6CCB91F6B865800932E38 /* GroupifyTests.xctest */ = {isa = PBXFileReference; explicitFileType = wrapper.cfbundle; includeInIndex = 0; path = GroupifyTests.xctest; sourceTree = BUILT_PRODUCTS_DIR; };
		9CD6CCBD1F6B865800932E38 /* GroupifyTests.swift */ = {isa = PBXFileReference; lastKnownFileType = sourcecode.swift; path = GroupifyTests.swift; sourceTree = "<group>"; };
		9CD6CCBF1F6B865800932E38 /* Info.plist */ = {isa = PBXFileReference; lastKnownFileType = text.plist.xml; path = Info.plist; sourceTree = "<group>"; };
		9CD6CCC41F6B865800932E38 /* GroupifyUITests.xctest */ = {isa = PBXFileReference; explicitFileType = wrapper.cfbundle; includeInIndex = 0; path = GroupifyUITests.xctest; sourceTree = BUILT_PRODUCTS_DIR; };
		9CD6CCC81F6B865800932E38 /* GroupifyUITests.swift */ = {isa = PBXFileReference; lastKnownFileType = sourcecode.swift; path = GroupifyUITests.swift; sourceTree = "<group>"; };
		9CD6CCCA1F6B865800932E38 /* Info.plist */ = {isa = PBXFileReference; lastKnownFileType = text.plist.xml; path = Info.plist; sourceTree = "<group>"; };
/* End PBXFileReference section */

/* Begin PBXFrameworksBuildPhase section */
		9CD6CCA21F6B865800932E38 /* Frameworks */ = {
			isa = PBXFrameworksBuildPhase;
			buildActionMask = 2147483647;
			files = (
			);
			runOnlyForDeploymentPostprocessing = 0;
		};
		9CD6CCB61F6B865800932E38 /* Frameworks */ = {
			isa = PBXFrameworksBuildPhase;
			buildActionMask = 2147483647;
			files = (
			);
			runOnlyForDeploymentPostprocessing = 0;
		};
		9CD6CCC11F6B865800932E38 /* Frameworks */ = {
			isa = PBXFrameworksBuildPhase;
			buildActionMask = 2147483647;
			files = (
			);
			runOnlyForDeploymentPostprocessing = 0;
		};
/* End PBXFrameworksBuildPhase section */

/* Begin PBXGroup section */
		9CD6CC9C1F6B865800932E38 = {
			isa = PBXGroup;
			children = (
				9CD6CCA71F6B865800932E38 /* Groupify */,
				9CD6CCBC1F6B865800932E38 /* GroupifyTests */,
				9CD6CCC71F6B865800932E38 /* GroupifyUITests */,
				9CD6CCA61F6B865800932E38 /* Products */,
			);
			sourceTree = "<group>";
		};
		9CD6CCA61F6B865800932E38 /* Products */ = {
			isa = PBXGroup;
			children = (
				9CD6CCA51F6B865800932E38 /* Groupify.app */,
				9CD6CCB91F6B865800932E38 /* GroupifyTests.xctest */,
				9CD6CCC41F6B865800932E38 /* GroupifyUITests.xctest */,
			);
			name = Products;
			sourceTree = "<group>";
		};
		9CD6CCA71F6B865800932E38 /* Groupify */ = {
			isa = PBXGroup;
			children = (
				9CD6CCA81F6B865800932E38 /* AppDelegate.swift */,
				9CD6CCAA1F6B865800932E38 /* ViewController.swift */,
				9CD6CCAC1F6B865800932E38 /* Main.storyboard */,
				9CD6CCAF1F6B865800932E38 /* Assets.xcassets */,
				9CD6CCB11F6B865800932E38 /* LaunchScreen.storyboard */,
				9CD6CCB41F6B865800932E38 /* Info.plist */,
			);
			path = Groupify;
			sourceTree = "<group>";
		};
		9CD6CCBC1F6B865800932E38 /* GroupifyTests */ = {
			isa = PBXGroup;
			children = (
				9CD6CCBD1F6B865800932E38 /* GroupifyTests.swift */,
				9CD6CCBF1F6B865800932E38 /* Info.plist */,
			);
			path = GroupifyTests;
			sourceTree = "<group>";
		};
		9CD6CCC71F6B865800932E38 /* GroupifyUITests */ = {
			isa = PBXGroup;
			children = (
				9CD6CCC81F6B865800932E38 /* GroupifyUITests.swift */,
				9CD6CCCA1F6B865800932E38 /* Info.plist */,
			);
			path = GroupifyUITests;
			sourceTree = "<group>";
		};
/* End PBXGroup section */

/* Begin PBXNativeTarget section */
		9CD6CCA41F6B865800932E38 /* Groupify */ = {
			isa = PBXNativeTarget;
			buildConfigurationList = 9CD6CCCD1F6B865800932E38 /* Build configuration list for PBXNativeTarget "Groupify" */;
			buildPhases = (
				9CD6CCA11F6B865800932E38 /* Sources */,
				9CD6CCA21F6B865800932E38 /* Frameworks */,
				9CD6CCA31F6B865800932E38 /* Resources */,
			);
			buildRules = (
			);
			dependencies = (
			);
			name = Groupify;
			productName = Groupify;
			productReference = 9CD6CCA51F6B865800932E38 /* Groupify.app */;
			productType = "com.apple.product-type.application";
		};
		9CD6CCB81F6B865800932E38 /* GroupifyTests */ = {
			isa = PBXNativeTarget;
			buildConfigurationList = 9CD6CCD01F6B865800932E38 /* Build configuration list for PBXNativeTarget "GroupifyTests" */;
			buildPhases = (
				9CD6CCB51F6B865800932E38 /* Sources */,
				9CD6CCB61F6B865800932E38 /* Frameworks */,
				9CD6CCB71F6B865800932E38 /* Resources */,
			);
			buildRules = (
			);
			dependencies = (
				9CD6CCBB1F6B865800932E38 /* PBXTargetDependency */,
			);
			name = GroupifyTests;
			productName = GroupifyTests;
			productReference = 9CD6CCB91F6B865800932E38 /* GroupifyTests.xctest */;
			productType = "com.apple.product-type.bundle.unit-test";
		};
		9CD6CCC31F6B865800932E38 /* GroupifyUITests */ = {
			isa = PBXNativeTarget;
			buildConfigurationList = 9CD6CCD31F6B865800932E38 /* Build configuration list for PBXNativeTarget "GroupifyUITests" */;
			buildPhases = (
				9CD6CCC01F6B865800932E38 /* Sources */,
				9CD6CCC11F6B865800932E38 /* Frameworks */,
				9CD6CCC21F6B865800932E38 /* Resources */,
			);
			buildRules = (
			);
			dependencies = (
				9CD6CCC61F6B865800932E38 /* PBXTargetDependency */,
			);
			name = GroupifyUITests;
			productName = GroupifyUITests;
			productReference = 9CD6CCC41F6B865800932E38 /* GroupifyUITests.xctest */;
			productType = "com.apple.product-type.bundle.ui-testing";
		};
/* End PBXNativeTarget section */

/* Begin PBXProject section */
		9CD6CC9D1F6B865800932E38 /* Project object */ = {
			isa = PBXProject;
			attributes = {
				LastSwiftUpdateCheck = 0830;
				LastUpgradeCheck = 0830;
				ORGANIZATIONNAME = "Aneesh Ashutosh";
				TargetAttributes = {
					9CD6CCA41F6B865800932E38 = {
						CreatedOnToolsVersion = 8.3.3;
						DevelopmentTeam = 54T8VDYEAM;
						ProvisioningStyle = Automatic;
					};
					9CD6CCB81F6B865800932E38 = {
						CreatedOnToolsVersion = 8.3.3;
						DevelopmentTeam = P9M2A4JGAN;
						ProvisioningStyle = Automatic;
						TestTargetID = 9CD6CCA41F6B865800932E38;
					};
					9CD6CCC31F6B865800932E38 = {
						CreatedOnToolsVersion = 8.3.3;
						DevelopmentTeam = 54T8VDYEAM;
						ProvisioningStyle = Automatic;
						TestTargetID = 9CD6CCA41F6B865800932E38;
					};
				};
			};
			buildConfigurationList = 9CD6CCA01F6B865800932E38 /* Build configuration list for PBXProject "Groupify" */;
			compatibilityVersion = "Xcode 3.2";
			developmentRegion = English;
			hasScannedForEncodings = 0;
			knownRegions = (
				en,
				Base,
			);
			mainGroup = 9CD6CC9C1F6B865800932E38;
			productRefGroup = 9CD6CCA61F6B865800932E38 /* Products */;
			projectDirPath = "";
			projectRoot = "";
			targets = (
				9CD6CCA41F6B865800932E38 /* Groupify */,
				9CD6CCB81F6B865800932E38 /* GroupifyTests */,
				9CD6CCC31F6B865800932E38 /* GroupifyUITests */,
			);
		};
/* End PBXProject section */

/* Begin PBXResourcesBuildPhase section */
		9CD6CCA31F6B865800932E38 /* Resources */ = {
			isa = PBXResourcesBuildPhase;
			buildActionMask = 2147483647;
			files = (
				9CD6CCB31F6B865800932E38 /* LaunchScreen.storyboard in Resources */,
				9CD6CCB01F6B865800932E38 /* Assets.xcassets in Resources */,
				9CD6CCAE1F6B865800932E38 /* Main.storyboard in Resources */,
			);
			runOnlyForDeploymentPostprocessing = 0;
		};
		9CD6CCB71F6B865800932E38 /* Resources */ = {
			isa = PBXResourcesBuildPhase;
			buildActionMask = 2147483647;
			files = (
			);
			runOnlyForDeploymentPostprocessing = 0;
		};
		9CD6CCC21F6B865800932E38 /* Resources */ = {
			isa = PBXResourcesBuildPhase;
			buildActionMask = 2147483647;
			files = (
			);
			runOnlyForDeploymentPostprocessing = 0;
		};
/* End PBXResourcesBuildPhase section */

/* Begin PBXSourcesBuildPhase section */
		9CD6CCA11F6B865800932E38 /* Sources */ = {
			isa = PBXSourcesBuildPhase;
			buildActionMask = 2147483647;
			files = (
				9CD6CCAB1F6B865800932E38 /* ViewController.swift in Sources */,
				9CD6CCA91F6B865800932E38 /* AppDelegate.swift in Sources */,
			);
			runOnlyForDeploymentPostprocessing = 0;
		};
		9CD6CCB51F6B865800932E38 /* Sources */ = {
			isa = PBXSourcesBuildPhase;
			buildActionMask = 2147483647;
			files = (
				9CD6CCBE1F6B865800932E38 /* GroupifyTests.swift in Sources */,
			);
			runOnlyForDeploymentPostprocessing = 0;
		};
		9CD6CCC01F6B865800932E38 /* Sources */ = {
			isa = PBXSourcesBuildPhase;
			buildActionMask = 2147483647;
			files = (
				9CD6CCC91F6B865800932E38 /* GroupifyUITests.swift in Sources */,
			);
			runOnlyForDeploymentPostprocessing = 0;
		};
/* End PBXSourcesBuildPhase section */

/* Begin PBXTargetDependency section */
		9CD6CCBB1F6B865800932E38 /* PBXTargetDependency */ = {
			isa = PBXTargetDependency;
			target = 9CD6CCA41F6B865800932E38 /* Groupify */;
			targetProxy = 9CD6CCBA1F6B865800932E38 /* PBXContainerItemProxy */;
		};
		9CD6CCC61F6B865800932E38 /* PBXTargetDependency */ = {
			isa = PBXTargetDependency;
			target = 9CD6CCA41F6B865800932E38 /* Groupify */;
			targetProxy = 9CD6CCC51F6B865800932E38 /* PBXContainerItemProxy */;
		};
/* End PBXTargetDependency section */

/* Begin PBXVariantGroup section */
		9CD6CCAC1F6B865800932E38 /* Main.storyboard */ = {
			isa = PBXVariantGroup;
			children = (
				9CD6CCAD1F6B865800932E38 /* Base */,
			);
			name = Main.storyboard;
			sourceTree = "<group>";
		};
		9CD6CCB11F6B865800932E38 /* LaunchScreen.storyboard */ = {
			isa = PBXVariantGroup;
			children = (
				9CD6CCB21F6B865800932E38 /* Base */,
			);
			name = LaunchScreen.storyboard;
			sourceTree = "<group>";
		};
/* End PBXVariantGroup section */

/* Begin XCBuildConfiguration section */
		9CD6CCCB1F6B865800932E38 /* Debug */ = {
			isa = XCBuildConfiguration;
			buildSettings = {
				ALWAYS_SEARCH_USER_PATHS = NO;
				CLANG_ANALYZER_NONNULL = YES;
				CLANG_ANALYZER_NUMBER_OBJECT_CONVERSION = YES_AGGRESSIVE;
				CLANG_CXX_LANGUAGE_STANDARD = "gnu++0x";
				CLANG_CXX_LIBRARY = "libc++";
				CLANG_ENABLE_MODULES = YES;
				CLANG_ENABLE_OBJC_ARC = YES;
				CLANG_WARN_BOOL_CONVERSION = YES;
				CLANG_WARN_CONSTANT_CONVERSION = YES;
				CLANG_WARN_DIRECT_OBJC_ISA_USAGE = YES_ERROR;
				CLANG_WARN_DOCUMENTATION_COMMENTS = YES;
				CLANG_WARN_EMPTY_BODY = YES;
				CLANG_WARN_ENUM_CONVERSION = YES;
				CLANG_WARN_INFINITE_RECURSION = YES;
				CLANG_WARN_INT_CONVERSION = YES;
				CLANG_WARN_OBJC_ROOT_CLASS = YES_ERROR;
				CLANG_WARN_SUSPICIOUS_MOVE = YES;
				CLANG_WARN_UNREACHABLE_CODE = YES;
				CLANG_WARN__DUPLICATE_METHOD_MATCH = YES;
				"CODE_SIGN_IDENTITY[sdk=iphoneos*]" = "iPhone Developer";
				COPY_PHASE_STRIP = NO;
				DEBUG_INFORMATION_FORMAT = dwarf;
				ENABLE_STRICT_OBJC_MSGSEND = YES;
				ENABLE_TESTABILITY = YES;
				GCC_C_LANGUAGE_STANDARD = gnu99;
				GCC_DYNAMIC_NO_PIC = NO;
				GCC_NO_COMMON_BLOCKS = YES;
				GCC_OPTIMIZATION_LEVEL = 0;
				GCC_PREPROCESSOR_DEFINITIONS = (
					"DEBUG=1",
					"$(inherited)",
				);
				GCC_WARN_64_TO_32_BIT_CONVERSION = YES;
				GCC_WARN_ABOUT_RETURN_TYPE = YES_ERROR;
				GCC_WARN_UNDECLARED_SELECTOR = YES;
				GCC_WARN_UNINITIALIZED_AUTOS = YES_AGGRESSIVE;
				GCC_WARN_UNUSED_FUNCTION = YES;
				GCC_WARN_UNUSED_VARIABLE = YES;
				IPHONEOS_DEPLOYMENT_TARGET = 10.2;
				MTL_ENABLE_DEBUG_INFO = YES;
				ONLY_ACTIVE_ARCH = YES;
				SDKROOT = iphoneos;
				SWIFT_ACTIVE_COMPILATION_CONDITIONS = DEBUG;
				SWIFT_OPTIMIZATION_LEVEL = "-Onone";
			};
			name = Debug;
		};
		9CD6CCCC1F6B865800932E38 /* Release */ = {
			isa = XCBuildConfiguration;
			buildSettings = {
				ALWAYS_SEARCH_USER_PATHS = NO;
				CLANG_ANALYZER_NONNULL = YES;
				CLANG_ANALYZER_NUMBER_OBJECT_CONVERSION = YES_AGGRESSIVE;
				CLANG_CXX_LANGUAGE_STANDARD = "gnu++0x";
				CLANG_CXX_LIBRARY = "libc++";
				CLANG_ENABLE_MODULES = YES;
				CLANG_ENABLE_OBJC_ARC = YES;
				CLANG_WARN_BOOL_CONVERSION = YES;
				CLANG_WARN_CONSTANT_CONVERSION = YES;
				CLANG_WARN_DIRECT_OBJC_ISA_USAGE = YES_ERROR;
				CLANG_WARN_DOCUMENTATION_COMMENTS = YES;
				CLANG_WARN_EMPTY_BODY = YES;
				CLANG_WARN_ENUM_CONVERSION = YES;
				CLANG_WARN_INFINITE_RECURSION = YES;
				CLANG_WARN_INT_CONVERSION = YES;
				CLANG_WARN_OBJC_ROOT_CLASS = YES_ERROR;
				CLANG_WARN_SUSPICIOUS_MOVE = YES;
				CLANG_WARN_UNREACHABLE_CODE = YES;
				CLANG_WARN__DUPLICATE_METHOD_MATCH = YES;
				"CODE_SIGN_IDENTITY[sdk=iphoneos*]" = "iPhone Developer";
				COPY_PHASE_STRIP = NO;
				DEBUG_INFORMATION_FORMAT = "dwarf-with-dsym";
				ENABLE_NS_ASSERTIONS = NO;
				ENABLE_STRICT_OBJC_MSGSEND = YES;
				GCC_C_LANGUAGE_STANDARD = gnu99;
				GCC_NO_COMMON_BLOCKS = YES;
				GCC_WARN_64_TO_32_BIT_CONVERSION = YES;
				GCC_WARN_ABOUT_RETURN_TYPE = YES_ERROR;
				GCC_WARN_UNDECLARED_SELECTOR = YES;
				GCC_WARN_UNINITIALIZED_AUTOS = YES_AGGRESSIVE;
				GCC_WARN_UNUSED_FUNCTION = YES;
				GCC_WARN_UNUSED_VARIABLE = YES;
				IPHONEOS_DEPLOYMENT_TARGET = 10.2;
				MTL_ENABLE_DEBUG_INFO = NO;
				SDKROOT = iphoneos;
				SWIFT_OPTIMIZATION_LEVEL = "-Owholemodule";
				VALIDATE_PRODUCT = YES;
			};
			name = Release;
		};
		9CD6CCCE1F6B865800932E38 /* Debug */ = {
			isa = XCBuildConfiguration;
			buildSettings = {
				ASSETCATALOG_COMPILER_APPICON_NAME = AppIcon;
				DEVELOPMENT_TEAM = 54T8VDYEAM;
				INFOPLIST_FILE = Groupify/Info.plist;
				LD_RUNPATH_SEARCH_PATHS = "$(inherited) @executable_path/Frameworks";
				PRODUCT_BUNDLE_IDENTIFIER = com.aneeshashutosh.Groupify;
				PRODUCT_NAME = "$(TARGET_NAME)";
				SWIFT_VERSION = 3.0;
			};
			name = Debug;
		};
		9CD6CCCF1F6B865800932E38 /* Release */ = {
			isa = XCBuildConfiguration;
			buildSettings = {
				ASSETCATALOG_COMPILER_APPICON_NAME = AppIcon;
				DEVELOPMENT_TEAM = 54T8VDYEAM;
				INFOPLIST_FILE = Groupify/Info.plist;
				LD_RUNPATH_SEARCH_PATHS = "$(inherited) @executable_path/Frameworks";
				PRODUCT_BUNDLE_IDENTIFIER = com.aneeshashutosh.Groupify;
				PRODUCT_NAME = "$(TARGET_NAME)";
				SWIFT_VERSION = 3.0;
			};
			name = Release;
		};
		9CD6CCD11F6B865800932E38 /* Debug */ = {
			isa = XCBuildConfiguration;
			buildSettings = {
				ALWAYS_EMBED_SWIFT_STANDARD_LIBRARIES = YES;
				BUNDLE_LOADER = "$(TEST_HOST)";
				DEVELOPMENT_TEAM = P9M2A4JGAN;
				INFOPLIST_FILE = GroupifyTests/Info.plist;
				LD_RUNPATH_SEARCH_PATHS = "$(inherited) @executable_path/Frameworks @loader_path/Frameworks";
				PRODUCT_BUNDLE_IDENTIFIER = com.aneeshashutosh.GroupifyTests;
				PRODUCT_NAME = "$(TARGET_NAME)";
				SWIFT_VERSION = 3.0;
				TEST_HOST = "$(BUILT_PRODUCTS_DIR)/Groupify.app/Groupify";
			};
			name = Debug;
		};
		9CD6CCD21F6B865800932E38 /* Release */ = {
			isa = XCBuildConfiguration;
			buildSettings = {
				ALWAYS_EMBED_SWIFT_STANDARD_LIBRARIES = YES;
				BUNDLE_LOADER = "$(TEST_HOST)";
				DEVELOPMENT_TEAM = P9M2A4JGAN;
				INFOPLIST_FILE = GroupifyTests/Info.plist;
				LD_RUNPATH_SEARCH_PATHS = "$(inherited) @executable_path/Frameworks @loader_path/Frameworks";
				PRODUCT_BUNDLE_IDENTIFIER = com.aneeshashutosh.GroupifyTests;
				PRODUCT_NAME = "$(TARGET_NAME)";
				SWIFT_VERSION = 3.0;
				TEST_HOST = "$(BUILT_PRODUCTS_DIR)/Groupify.app/Groupify";
			};
			name = Release;
		};
		9CD6CCD41F6B865800932E38 /* Debug */ = {
			isa = XCBuildConfiguration;
			buildSettings = {
				ALWAYS_EMBED_SWIFT_STANDARD_LIBRARIES = YES;
				DEVELOPMENT_TEAM = 54T8VDYEAM;
				INFOPLIST_FILE = GroupifyUITests/Info.plist;
				IPHONEOS_DEPLOYMENT_TARGET = 10.2;
				LD_RUNPATH_SEARCH_PATHS = "$(inherited) @executable_path/Frameworks @loader_path/Frameworks";
				PRODUCT_BUNDLE_IDENTIFIER = com.aneeshashutosh.GroupifyUITests;
				PRODUCT_NAME = "$(TARGET_NAME)";
				SWIFT_VERSION = 3.0;
				TEST_TARGET_NAME = Groupify;
			};
			name = Debug;
		};
		9CD6CCD51F6B865800932E38 /* Release */ = {
			isa = XCBuildConfiguration;
			buildSettings = {
				ALWAYS_EMBED_SWIFT_STANDARD_LIBRARIES = YES;
				DEVELOPMENT_TEAM = 54T8VDYEAM;
				INFOPLIST_FILE = GroupifyUITests/Info.plist;
				IPHONEOS_DEPLOYMENT_TARGET = 10.2;
				LD_RUNPATH_SEARCH_PATHS = "$(inherited) @executable_path/Frameworks @loader_path/Frameworks";
				PRODUCT_BUNDLE_IDENTIFIER = com.aneeshashutosh.GroupifyUITests;
				PRODUCT_NAME = "$(TARGET_NAME)";
				SWIFT_VERSION = 3.0;
				TEST_TARGET_NAME = Groupify;
			};
			name = Release;
		};
/* End XCBuildConfiguration section */

/* Begin XCConfigurationList section */
		9CD6CCA01F6B865800932E38 /* Build configuration list for PBXProject "Groupify" */ = {
			isa = XCConfigurationList;
			buildConfigurations = (
				9CD6CCCB1F6B865800932E38 /* Debug */,
				9CD6CCCC1F6B865800932E38 /* Release */,
			);
			defaultConfigurationIsVisible = 0;
			defaultConfigurationName = Release;
		};
		9CD6CCCD1F6B865800932E38 /* Build configuration list for PBXNativeTarget "Groupify" */ = {
			isa = XCConfigurationList;
			buildConfigurations = (
				9CD6CCCE1F6B865800932E38 /* Debug */,
				9CD6CCCF1F6B865800932E38 /* Release */,
			);
			defaultConfigurationIsVisible = 0;
			defaultConfigurationName = Release;
		};
		9CD6CCD01F6B865800932E38 /* Build configuration list for PBXNativeTarget "GroupifyTests" */ = {
			isa = XCConfigurationList;
			buildConfigurations = (
				9CD6CCD11F6B865800932E38 /* Debug */,
				9CD6CCD21F6B865800932E38 /* Release */,
			);
			defaultConfigurationIsVisible = 0;
			defaultConfigurationName = Release;
		};
		9CD6CCD31F6B865800932E38 /* Build configuration list for PBXNativeTarget "GroupifyUITests" */ = {
			isa = XCConfigurationList;
			buildConfigurations = (
				9CD6CCD41F6B865800932E38 /* Debug */,
				9CD6CCD51F6B865800932E38 /* Release */,
			);
			defaultConfigurationIsVisible = 0;
			defaultConfigurationName = Release;
		};
/* End XCConfigurationList section */
	};
	rootObject = 9CD6CC9D1F6B865800932E38 /* Project object */;
}
